
Microsoft Visual Studio Solution File, Format Version 11.00
# Visual Studio 2010
Project("{FAE04EC0-301F-11D3-BF4B-00C04F79EFBC}") = "IP Lab", "IP Lab\IP Lab.csproj", "{32EA2007-FFE3-47E6-89E0-0E5C19C1F7CD}"
EndProject
Project("{E24C65DC-7377-472B-9ABA-BC803B73C61A}") = "IP Lab.Web", "IP Lab.Web\", "{974D662D-8E88-4FB5-84DE-162F75A7DC8A}"
	ProjectSection(WebsiteProperties) = preProject
		TargetFrameworkMoniker = ".NETFramework,Version%3Dv4.0"
		Debug.AspNetCompiler.VirtualPath = "/IP Lab.Web"
		Debug.AspNetCompiler.PhysicalPath = "IP Lab.Web\"
		Debug.AspNetCompiler.TargetPath = "PrecompiledWeb\IP Lab.Web\"
		Debug.AspNetCompiler.Updateable = "true"
		Debug.AspNetCompiler.ForceOverwrite = "true"
		Debug.AspNetCompiler.FixedNames = "false"
		Debug.AspNetCompiler.Debug = "True"
		Release.AspNetCompiler.VirtualPath = "/IP Lab.Web"
		Release.AspNetCompiler.PhysicalPath = "IP Lab.Web\"
		Release.AspNetCompiler.TargetPath = "PrecompiledWeb\IP Lab.Web\"
		Release.AspNetCompiler.Updateable = "true"
		Release.AspNetCompiler.ForceOverwrite = "true"
		Release.AspNetCompiler.FixedNames = "false"
		Release.AspNetCompiler.Debug = "False"
		VWDPort = "1549"
		DefaultWebSiteLanguage = "Visual C#"
		ProjOutputReferences = "{32EA2007-FFE3-47E6-89E0-0E5C19C1F7CD}|ClientBin|false;"
	EndProjectSection
EndProject
Global
	GlobalSection(SolutionConfigurationPlatforms) = preSolution
		Debug|Any CPU = Debug|Any CPU
		Release|Any CPU = Release|Any CPU
	EndGlobalSection
	GlobalSection(ProjectConfigurationPlatforms) = postSolution
		{32EA2007-FFE3-47E6-89E0-0E5C19C1F7CD}.Debug|Any CPU.ActiveCfg = Debug|Any CPU
		{32EA2007-FFE3-47E6-89E0-0E5C19C1F7CD}.Debug|Any CPU.Build.0 = Debug|Any CPU
		{32EA2007-FFE3-47E6-89E0-0E5C19C1F7CD}.Release|Any CPU.ActiveCfg = Release|Any CPU
		{32EA2007-FFE3-47E6-89E0-0E5C19C1F7CD}.Release|Any CPU.Build.0 = Release|Any CPU
		{974D662D-8E88-4FB5-84DE-162F75A7DC8A}.Debug|Any CPU.ActiveCfg = Debug|Any CPU
		{974D662D-8E88-4FB5-84DE-162F75A7DC8A}.Debug|Any CPU.Build.0 = Debug|Any CPU
		{974D662D-8E88-4FB5-84DE-162F75A7DC8A}.Release|Any CPU.ActiveCfg = Debug|Any CPU
		{974D662D-8E88-4FB5-84DE-162F75A7DC8A}.Release|Any CPU.Build.0 = Debug|Any CPU
	EndGlobalSection
	GlobalSection(SolutionProperties) = preSolution
		HideSolutionNode = FALSE
	EndGlobalSection
EndGlobal
